
Microsoft Visual Studio Solution File, Format Version 12.00
Project("{2150E333-8FDC-42A3-9474-1A3956D46DE8}") = "src", "src", "{1782E7D3-3C4D-438B-BEA3-C5744520B0B3}"
EndProject
Project("{FAE04EC0-301F-11D3-BF4B-00C04F79EFBC}") = "Auth.API", "..\services\AuthService\src\Auth.API\Auth.API.csproj", "{406D594C-1F90-4A6F-A46E-AC6573D822C1}"
EndProject
Project("{FAE04EC0-301F-11D3-BF4B-00C04F79EFBC}") = "Auth.Application", "..\services\AuthService\src\Auth.Application\Auth.Application.csproj", "{A24A8E6F-33C7-40BD-B941-9161E3B22B76}"
EndProject
Project("{FAE04EC0-301F-11D3-BF4B-00C04F79EFBC}") = "Auth.Domain", "..\services\AuthService\src\Auth.Domain\Auth.Domain.csproj", "{E19D67C4-8F26-48E7-99BC-86296E463CA4}"
EndProject
Project("{FAE04EC0-301F-11D3-BF4B-00C04F79EFBC}") = "Auth.Infrastructure", "..\services\AuthService\src\Auth.Infrastructure\Auth.Infrastructure.csproj", "{7E516D90-620A-4385-8A39-4C4341F9803F}"
EndProject
Project("{2150E333-8FDC-42A3-9474-1A3956D46DE8}") = "tests", "tests", "{9C3F4D31-7B21-42F4-8B0D-A97EFC2502B7}"
EndProject
Project("{FAE04EC0-301F-11D3-BF4B-00C04F79EFBC}") = "Auth.UnitTests", "..\services\AuthService\tests\Auth.UnitTests\Auth.UnitTests.csproj", "{2DA04F8E-6CCF-46BC-9812-F0AB7840A2B4}"
EndProject
Project("{2150E333-8FDC-42A3-9474-1A3956D46DE8}") = "Solution Items", "Solution Items", "{064420FE-E2C8-4482-89BA-71364737F587}"
	ProjectSection(SolutionItems) = preProject
		docker-compose.yaml = docker-compose.yaml
	EndProjectSection
EndProject
Global
	GlobalSection(SolutionConfigurationPlatforms) = preSolution
		Debug|Any CPU = Debug|Any CPU
		Release|Any CPU = Release|Any CPU
	EndGlobalSection
	GlobalSection(ProjectConfigurationPlatforms) = postSolution
		{406D594C-1F90-4A6F-A46E-AC6573D822C1}.Debug|Any CPU.ActiveCfg = Debug|Any CPU
		{406D594C-1F90-4A6F-A46E-AC6573D822C1}.Debug|Any CPU.Build.0 = Debug|Any CPU
		{406D594C-1F90-4A6F-A46E-AC6573D822C1}.Release|Any CPU.ActiveCfg = Release|Any CPU
		{406D594C-1F90-4A6F-A46E-AC6573D822C1}.Release|Any CPU.Build.0 = Release|Any CPU
		{A24A8E6F-33C7-40BD-B941-9161E3B22B76}.Debug|Any CPU.ActiveCfg = Debug|Any CPU
		{A24A8E6F-33C7-40BD-B941-9161E3B22B76}.Debug|Any CPU.Build.0 = Debug|Any CPU
		{A24A8E6F-33C7-40BD-B941-9161E3B22B76}.Release|Any CPU.ActiveCfg = Release|Any CPU
		{A24A8E6F-33C7-40BD-B941-9161E3B22B76}.Release|Any CPU.Build.0 = Release|Any CPU
		{E19D67C4-8F26-48E7-99BC-86296E463CA4}.Debug|Any CPU.ActiveCfg = Debug|Any CPU
		{E19D67C4-8F26-48E7-99BC-86296E463CA4}.Debug|Any CPU.Build.0 = Debug|Any CPU
		{E19D67C4-8F26-48E7-99BC-86296E463CA4}.Release|Any CPU.ActiveCfg = Release|Any CPU
		{E19D67C4-8F26-48E7-99BC-86296E463CA4}.Release|Any CPU.Build.0 = Release|Any CPU
		{7E516D90-620A-4385-8A39-4C4341F9803F}.Debug|Any CPU.ActiveCfg = Debug|Any CPU
		{7E516D90-620A-4385-8A39-4C4341F9803F}.Debug|Any CPU.Build.0 = Debug|Any CPU
		{7E516D90-620A-4385-8A39-4C4341F9803F}.Release|Any CPU.ActiveCfg = Release|Any CPU
		{7E516D90-620A-4385-8A39-4C4341F9803F}.Release|Any CPU.Build.0 = Release|Any CPU
		{2DA04F8E-6CCF-46BC-9812-F0AB7840A2B4}.Debug|Any CPU.ActiveCfg = Debug|Any CPU
		{2DA04F8E-6CCF-46BC-9812-F0AB7840A2B4}.Debug|Any CPU.Build.0 = Debug|Any CPU
		{2DA04F8E-6CCF-46BC-9812-F0AB7840A2B4}.Release|Any CPU.ActiveCfg = Release|Any CPU
		{2DA04F8E-6CCF-46BC-9812-F0AB7840A2B4}.Release|Any CPU.Build.0 = Release|Any CPU
	EndGlobalSection
	GlobalSection(NestedProjects) = preSolution
		{406D594C-1F90-4A6F-A46E-AC6573D822C1} = {1782E7D3-3C4D-438B-BEA3-C5744520B0B3}
		{A24A8E6F-33C7-40BD-B941-9161E3B22B76} = {1782E7D3-3C4D-438B-BEA3-C5744520B0B3}
		{E19D67C4-8F26-48E7-99BC-86296E463CA4} = {1782E7D3-3C4D-438B-BEA3-C5744520B0B3}
		{7E516D90-620A-4385-8A39-4C4341F9803F} = {1782E7D3-3C4D-438B-BEA3-C5744520B0B3}
		{2DA04F8E-6CCF-46BC-9812-F0AB7840A2B4} = {9C3F4D31-7B21-42F4-8B0D-A97EFC2502B7}
	EndGlobalSection
EndGlobal
